// !$*UTF8*$!
{
	archiveVersion = 1;
	classes = {
	};
	objectVersion = 55;
	objects = {

/* Begin PBXBuildFile section */
		08A64B332A59574D0026621D /* AppDelegate.swift in Sources */ = {isa = PBXBuildFile; fileRef = 08A64B322A59574D0026621D /* AppDelegate.swift */; };
		08A64B352A59574D0026621D /* SceneDelegate.swift in Sources */ = {isa = PBXBuildFile; fileRef = 08A64B342A59574D0026621D /* SceneDelegate.swift */; };
		08A64B372A59574D0026621D /* TableViewController.swift in Sources */ = {isa = PBXBuildFile; fileRef = 08A64B362A59574D0026621D /* TableViewController.swift */; };
		08A64B3A2A59574D0026621D /* Main.storyboard in Resources */ = {isa = PBXBuildFile; fileRef = 08A64B382A59574D0026621D /* Main.storyboard */; };
		08A64B3C2A5957500026621D /* Assets.xcassets in Resources */ = {isa = PBXBuildFile; fileRef = 08A64B3B2A5957500026621D /* Assets.xcassets */; };
		08A64B482A59579B0026621D /* LaunchScreen.storyboard in Resources */ = {isa = PBXBuildFile; fileRef = 08A64B462A59579B0026621D /* LaunchScreen.storyboard */; };
		08A64B4A2A5962590026621D /* Med.swift in Sources */ = {isa = PBXBuildFile; fileRef = 08A64B492A5962590026621D /* Med.swift */; };
		08A64B522A59EC6D0026621D /* MedCell.swift in Sources */ = {isa = PBXBuildFile; fileRef = 08A64B512A59EC6C0026621D /* MedCell.swift */; };
		08EB0E402A5A87F900F0FCFA /* AlamofireImage in Frameworks */ = {isa = PBXBuildFile; productRef = 08EB0E3F2A5A87F900F0FCFA /* AlamofireImage */; };
		08EB0E422A5BDC5900F0FCFA /* MedDetailsViewController.swift in Sources */ = {isa = PBXBuildFile; fileRef = 08EB0E412A5BDC5800F0FCFA /* MedDetailsViewController.swift */; };
/* End PBXBuildFile section */

/* Begin PBXFileReference section */
		08A64B2F2A59574D0026621D /* medReminder.app */ = {isa = PBXFileReference; explicitFileType = wrapper.application; includeInIndex = 0; path = medReminder.app; sourceTree = BUILT_PRODUCTS_DIR; };
		08A64B322A59574D0026621D /* AppDelegate.swift */ = {isa = PBXFileReference; lastKnownFileType = sourcecode.swift; path = AppDelegate.swift; sourceTree = "<group>"; };
		08A64B342A59574D0026621D /* SceneDelegate.swift */ = {isa = PBXFileReference; lastKnownFileType = sourcecode.swift; path = SceneDelegate.swift; sourceTree = "<group>"; };
		08A64B362A59574D0026621D /* TableViewController.swift */ = {isa = PBXFileReference; lastKnownFileType = sourcecode.swift; path = TableViewController.swift; sourceTree = "<group>"; };
		08A64B392A59574D0026621D /* Base */ = {isa = PBXFileReference; lastKnownFileType = file.storyboard; name = Base; path = Base.lproj/Main.storyboard; sourceTree = "<group>"; };
		08A64B3B2A5957500026621D /* Assets.xcassets */ = {isa = PBXFileReference; lastKnownFileType = folder.assetcatalog; path = Assets.xcassets; sourceTree = "<group>"; };
		08A64B402A5957500026621D /* Info.plist */ = {isa = PBXFileReference; lastKnownFileType = text.plist.xml; path = Info.plist; sourceTree = "<group>"; };
		08A64B472A59579B0026621D /* Base */ = {isa = PBXFileReference; lastKnownFileType = file.storyboard; name = Base; path = "../../Medicine reminder file/medicine_reminder/medicine_reminder/Base.lproj/LaunchScreen.storyboard"; sourceTree = "<group>"; };
		08A64B492A5962590026621D /* Med.swift */ = {isa = PBXFileReference; lastKnownFileType = sourcecode.swift; path = Med.swift; sourceTree = "<group>"; };
		08A64B512A59EC6C0026621D /* MedCell.swift */ = {isa = PBXFileReference; lastKnownFileType = sourcecode.swift; path = MedCell.swift; sourceTree = "<group>"; };
		08EB0E412A5BDC5800F0FCFA /* MedDetailsViewController.swift */ = {isa = PBXFileReference; lastKnownFileType = sourcecode.swift; path = MedDetailsViewController.swift; sourceTree = "<group>"; };
/* End PBXFileReference section */

/* Begin PBXFrameworksBuildPhase section */
		08A64B2C2A59574D0026621D /* Frameworks */ = {
			isa = PBXFrameworksBuildPhase;
			buildActionMask = 2147483647;
			files = (
				08EB0E402A5A87F900F0FCFA /* AlamofireImage in Frameworks */,
			);
			runOnlyForDeploymentPostprocessing = 0;
		};
/* End PBXFrameworksBuildPhase section */

/* Begin PBXGroup section */
		08A64B262A59574D0026621D = {
			isa = PBXGroup;
			children = (
				08A64B312A59574D0026621D /* medReminder */,
				08A64B302A59574D0026621D /* Products */,
			);
			sourceTree = "<group>";
		};
		08A64B302A59574D0026621D /* Products */ = {
			isa = PBXGroup;
			children = (
				08A64B2F2A59574D0026621D /* medReminder.app */,
			);
			name = Products;
			sourceTree = "<group>";
		};
		08A64B312A59574D0026621D /* medReminder */ = {
			isa = PBXGroup;
			children = (
				08A64B322A59574D0026621D /* AppDelegate.swift */,
				08A64B342A59574D0026621D /* SceneDelegate.swift */,
				08A64B4E2A5966200026621D /* Views */,
				08A64B4C2A5965940026621D /* Controllers */,
				08A64B4B2A59645F0026621D /* Models */,
				08A64B3B2A5957500026621D /* Assets.xcassets */,
				08A64B462A59579B0026621D /* LaunchScreen.storyboard */,
				08A64B402A5957500026621D /* Info.plist */,
				08A64B512A59EC6C0026621D /* MedCell.swift */,
				08EB0E412A5BDC5800F0FCFA /* MedDetailsViewController.swift */,
			);
			path = medReminder;
			sourceTree = "<group>";
		};
		08A64B4B2A59645F0026621D /* Models */ = {
			isa = PBXGroup;
			children = (
				08A64B492A5962590026621D /* Med.swift */,
			);
			path = Models;
			sourceTree = "<group>";
		};
		08A64B4C2A5965940026621D /* Controllers */ = {
			isa = PBXGroup;
			children = (
				08A64B362A59574D0026621D /* TableViewController.swift */,
			);
			path = Controllers;
			sourceTree = "<group>";
		};
		08A64B4E2A5966200026621D /* Views */ = {
			isa = PBXGroup;
			children = (
				08A64B382A59574D0026621D /* Main.storyboard */,
			);
			path = Views;
			sourceTree = "<group>";
		};
/* End PBXGroup section */

/* Begin PBXNativeTarget section */
		08A64B2E2A59574D0026621D /* medReminder */ = {
			isa = PBXNativeTarget;
			buildConfigurationList = 08A64B432A5957500026621D /* Build configuration list for PBXNativeTarget "medReminder" */;
			buildPhases = (
				08A64B2B2A59574D0026621D /* Sources */,
				08A64B2C2A59574D0026621D /* Frameworks */,
				08A64B2D2A59574D0026621D /* Resources */,
			);
			buildRules = (
			);
			dependencies = (
			);
			name = medReminder;
			packageProductDependencies = (
				08EB0E3F2A5A87F900F0FCFA /* AlamofireImage */,
			);
			productName = medReminder;
			productReference = 08A64B2F2A59574D0026621D /* medReminder.app */;
			productType = "com.apple.product-type.application";
		};
/* End PBXNativeTarget section */

/* Begin PBXProject section */
		08A64B272A59574D0026621D /* Project object */ = {
			isa = PBXProject;
			attributes = {
				BuildIndependentTargetsInParallel = 1;
				LastSwiftUpdateCheck = 1340;
				LastUpgradeCheck = 1340;
				TargetAttributes = {
					08A64B2E2A59574D0026621D = {
						CreatedOnToolsVersion = 13.4.1;
					};
				};
			};
			buildConfigurationList = 08A64B2A2A59574D0026621D /* Build configuration list for PBXProject "medReminder" */;
			compatibilityVersion = "Xcode 13.0";
			developmentRegion = en;
			hasScannedForEncodings = 0;
			knownRegions = (
				en,
				Base,
			);
			mainGroup = 08A64B262A59574D0026621D;
			packageReferences = (
				08EB0E3E2A5A87F900F0FCFA /* XCRemoteSwiftPackageReference "AlamofireImage" */,
			);
			productRefGroup = 08A64B302A59574D0026621D /* Products */;
			projectDirPath = "";
			projectRoot = "";
			targets = (
				08A64B2E2A59574D0026621D /* medReminder */,
			);
		};
/* End PBXProject section */

/* Begin PBXResourcesBuildPhase section */
		08A64B2D2A59574D0026621D /* Resources */ = {
			isa = PBXResourcesBuildPhase;
			buildActionMask = 2147483647;
			files = (
				08A64B482A59579B0026621D /* LaunchScreen.storyboard in Resources */,
				08A64B3C2A5957500026621D /* Assets.xcassets in Resources */,
				08A64B3A2A59574D0026621D /* Main.storyboard in Resources */,
			);
			runOnlyForDeploymentPostprocessing = 0;
		};
/* End PBXResourcesBuildPhase section */

/* Begin PBXSourcesBuildPhase section */
		08A64B2B2A59574D0026621D /* Sources */ = {
			isa = PBXSourcesBuildPhase;
			buildActionMask = 2147483647;
			files = (
				08EB0E422A5BDC5900F0FCFA /* MedDetailsViewController.swift in Sources */,
				08A64B372A59574D0026621D /* TableViewController.swift in Sources */,
				08A64B332A59574D0026621D /* AppDelegate.swift in Sources */,
				08A64B4A2A5962590026621D /* Med.swift in Sources */,
				08A64B522A59EC6D0026621D /* MedCell.swift in Sources */,
				08A64B352A59574D0026621D /* SceneDelegate.swift in Sources */,
			);
			runOnlyForDeploymentPostprocessing = 0;
		};
/* End PBXSourcesBuildPhase section */

/* Begin PBXVariantGroup section */
		08A64B382A59574D0026621D /* Main.storyboard */ = {
			isa = PBXVariantGroup;
			children = (
				08A64B392A59574D0026621D /* Base */,
			);
			name = Main.storyboard;
			sourceTree = "<group>";
		};
		08A64B462A59579B0026621D /* LaunchScreen.storyboard */ = {
			isa = PBXVariantGroup;
			children = (
				08A64B472A59579B0026621D /* Base */,
			);
			name = LaunchScreen.storyboard;
			sourceTree = "<group>";
		};
/* End PBXVariantGroup section */

/* Begin XCBuildConfiguration section */
		08A64B412A5957500026621D /* Debug */ = {
			isa = XCBuildConfiguration;
			buildSettings = {
				ALWAYS_SEARCH_USER_PATHS = NO;
				CLANG_ANALYZER_NONNULL = YES;
				CLANG_ANALYZER_NUMBER_OBJECT_CONVERSION = YES_AGGRESSIVE;
				CLANG_CXX_LANGUAGE_STANDARD = "gnu++17";
				CLANG_ENABLE_MODULES = YES;
				CLANG_ENABLE_OBJC_ARC = YES;
				CLANG_ENABLE_OBJC_WEAK = YES;
				CLANG_WARN_BLOCK_CAPTURE_AUTORELEASING = YES;
				CLANG_WARN_BOOL_CONVERSION = YES;
				CLANG_WARN_COMMA = YES;
				CLANG_WARN_CONSTANT_CONVERSION = YES;
				CLANG_WARN_DEPRECATED_OBJC_IMPLEMENTATIONS = YES;
				CLANG_WARN_DIRECT_OBJC_ISA_USAGE = YES_ERROR;
				CLANG_WARN_DOCUMENTATION_COMMENTS = YES;
				CLANG_WARN_EMPTY_BODY = YES;
				CLANG_WARN_ENUM_CONVERSION = YES;
				CLANG_WARN_INFINITE_RECURSION = YES;
				CLANG_WARN_INT_CONVERSION = YES;
				CLANG_WARN_NON_LITERAL_NULL_CONVERSION = YES;
				CLANG_WARN_OBJC_IMPLICIT_RETAIN_SELF = YES;
				CLANG_WARN_OBJC_LITERAL_CONVERSION = YES;
				CLANG_WARN_OBJC_ROOT_CLASS = YES_ERROR;
				CLANG_WARN_QUOTED_INCLUDE_IN_FRAMEWORK_HEADER = YES;
				CLANG_WARN_RANGE_LOOP_ANALYSIS = YES;
				CLANG_WARN_STRICT_PROTOTYPES = YES;
				CLANG_WARN_SUSPICIOUS_MOVE = YES;
				CLANG_WARN_UNGUARDED_AVAILABILITY = YES_AGGRESSIVE;
				CLANG_WARN_UNREACHABLE_CODE = YES;
				CLANG_WARN__DUPLICATE_METHOD_MATCH = YES;
				COPY_PHASE_STRIP = NO;
				DEBUG_INFORMATION_FORMAT = dwarf;
				ENABLE_STRICT_OBJC_MSGSEND = YES;
				ENABLE_TESTABILITY = YES;
				GCC_C_LANGUAGE_STANDARD = gnu11;
				GCC_DYNAMIC_NO_PIC = NO;
				GCC_NO_COMMON_BLOCKS = YES;
				GCC_OPTIMIZATION_LEVEL = 0;
				GCC_PREPROCESSOR_DEFINITIONS = (
					"DEBUG=1",
					"$(inherited)",
				);
				GCC_WARN_64_TO_32_BIT_CONVERSION = YES;
				GCC_WARN_ABOUT_RETURN_TYPE = YES_ERROR;
				GCC_WARN_UNDECLARED_SELECTOR = YES;
				GCC_WARN_UNINITIALIZED_AUTOS = YES_AGGRESSIVE;
				GCC_WARN_UNUSED_FUNCTION = YES;
				GCC_WARN_UNUSED_VARIABLE = YES;
				IPHONEOS_DEPLOYMENT_TARGET = 15.5;
				MTL_ENABLE_DEBUG_INFO = INCLUDE_SOURCE;
				MTL_FAST_MATH = YES;
				ONLY_ACTIVE_ARCH = YES;
				SDKROOT = iphoneos;
				SWIFT_ACTIVE_COMPILATION_CONDITIONS = DEBUG;
				SWIFT_OPTIMIZATION_LEVEL = "-Onone";
			};
			name = Debug;
		};
		08A64B422A5957500026621D /* Release */ = {
			isa = XCBuildConfiguration;
			buildSettings = {
				ALWAYS_SEARCH_USER_PATHS = NO;
				CLANG_ANALYZER_NONNULL = YES;
				CLANG_ANALYZER_NUMBER_OBJECT_CONVERSION = YES_AGGRESSIVE;
				CLANG_CXX_LANGUAGE_STANDARD = "gnu++17";
				CLANG_ENABLE_MODULES = YES;
				CLANG_ENABLE_OBJC_ARC = YES;
				CLANG_ENABLE_OBJC_WEAK = YES;
				CLANG_WARN_BLOCK_CAPTURE_AUTORELEASING = YES;
				CLANG_WARN_BOOL_CONVERSION = YES;
				CLANG_WARN_COMMA = YES;
				CLANG_WARN_CONSTANT_CONVERSION = YES;
				CLANG_WARN_DEPRECATED_OBJC_IMPLEMENTATIONS = YES;
				CLANG_WARN_DIRECT_OBJC_ISA_USAGE = YES_ERROR;
				CLANG_WARN_DOCUMENTATION_COMMENTS = YES;
				CLANG_WARN_EMPTY_BODY = YES;
				CLANG_WARN_ENUM_CONVERSION = YES;
				CLANG_WARN_INFINITE_RECURSION = YES;
				CLANG_WARN_INT_CONVERSION = YES;
				CLANG_WARN_NON_LITERAL_NULL_CONVERSION = YES;
				CLANG_WARN_OBJC_IMPLICIT_RETAIN_SELF = YES;
				CLANG_WARN_OBJC_LITERAL_CONVERSION = YES;
				CLANG_WARN_OBJC_ROOT_CLASS = YES_ERROR;
				CLANG_WARN_QUOTED_INCLUDE_IN_FRAMEWORK_HEADER = YES;
				CLANG_WARN_RANGE_LOOP_ANALYSIS = YES;
				CLANG_WARN_STRICT_PROTOTYPES = YES;
				CLANG_WARN_SUSPICIOUS_MOVE = YES;
				CLANG_WARN_UNGUARDED_AVAILABILITY = YES_AGGRESSIVE;
				CLANG_WARN_UNREACHABLE_CODE = YES;
				CLANG_WARN__DUPLICATE_METHOD_MATCH = YES;
				COPY_PHASE_STRIP = NO;
				DEBUG_INFORMATION_FORMAT = "dwarf-with-dsym";
				ENABLE_NS_ASSERTIONS = NO;
				ENABLE_STRICT_OBJC_MSGSEND = YES;
				GCC_C_LANGUAGE_STANDARD = gnu11;
				GCC_NO_COMMON_BLOCKS = YES;
				GCC_WARN_64_TO_32_BIT_CONVERSION = YES;
				GCC_WARN_ABOUT_RETURN_TYPE = YES_ERROR;
				GCC_WARN_UNDECLARED_SELECTOR = YES;
				GCC_WARN_UNINITIALIZED_AUTOS = YES_AGGRESSIVE;
				GCC_WARN_UNUSED_FUNCTION = YES;
				GCC_WARN_UNUSED_VARIABLE = YES;
				IPHONEOS_DEPLOYMENT_TARGET = 15.5;
				MTL_ENABLE_DEBUG_INFO = NO;
				MTL_FAST_MATH = YES;
				SDKROOT = iphoneos;
				SWIFT_COMPILATION_MODE = wholemodule;
				SWIFT_OPTIMIZATION_LEVEL = "-O";
				VALIDATE_PRODUCT = YES;
			};
			name = Release;
		};
		08A64B442A5957500026621D /* Debug */ = {
			isa = XCBuildConfiguration;
			buildSettings = {
				ASSETCATALOG_COMPILER_APPICON_NAME = AppIcon;
				ASSETCATALOG_COMPILER_GLOBAL_ACCENT_COLOR_NAME = AccentColor;
				CODE_SIGN_STYLE = Automatic;
				CURRENT_PROJECT_VERSION = 1;
				GENERATE_INFOPLIST_FILE = YES;
				INFOPLIST_FILE = medReminder/Info.plist;
				INFOPLIST_KEY_UIApplicationSupportsIndirectInputEvents = YES;
				INFOPLIST_KEY_UILaunchStoryboardName = LaunchScreen;
				INFOPLIST_KEY_UIMainStoryboardFile = Main;
				INFOPLIST_KEY_UISupportedInterfaceOrientations_iPad = "UIInterfaceOrientationPortrait UIInterfaceOrientationPortraitUpsideDown UIInterfaceOrientationLandscapeLeft UIInterfaceOrientationLandscapeRight";
				INFOPLIST_KEY_UISupportedInterfaceOrientations_iPhone = "UIInterfaceOrientationPortrait UIInterfaceOrientationLandscapeLeft UIInterfaceOrientationLandscapeRight";
				LD_RUNPATH_SEARCH_PATHS = (
					"$(inherited)",
					"@executable_path/Frameworks",
				);
				MARKETING_VERSION = 1.0;
				PRODUCT_BUNDLE_IDENTIFIER = com.veedowd.medReminder;
				PRODUCT_NAME = "$(TARGET_NAME)";
				SWIFT_EMIT_LOC_STRINGS = YES;
				SWIFT_VERSION = 5.0;
				TARGETED_DEVICE_FAMILY = "1,2";
			};
			name = Debug;
		};
		08A64B452A5957500026621D /* Release */ = {
			isa = XCBuildConfiguration;
			buildSettings = {
				ASSETCATALOG_COMPILER_APPICON_NAME = AppIcon;
				ASSETCATALOG_COMPILER_GLOBAL_ACCENT_COLOR_NAME = AccentColor;
				CODE_SIGN_STYLE = Automatic;
				CURRENT_PROJECT_VERSION = 1;
				GENERATE_INFOPLIST_FILE = YES;
				INFOPLIST_FILE = medReminder/Info.plist;
				INFOPLIST_KEY_UIApplicationSupportsIndirectInputEvents = YES;
				INFOPLIST_KEY_UILaunchStoryboardName = LaunchScreen;
				INFOPLIST_KEY_UIMainStoryboardFile = Main;
				INFOPLIST_KEY_UISupportedInterfaceOrientations_iPad = "UIInterfaceOrientationPortrait UIInterfaceOrientationPortraitUpsideDown UIInterfaceOrientationLandscapeLeft UIInterfaceOrientationLandscapeRight";
				INFOPLIST_KEY_UISupportedInterfaceOrientations_iPhone = "UIInterfaceOrientationPortrait UIInterfaceOrientationLandscapeLeft UIInterfaceOrientationLandscapeRight";
				LD_RUNPATH_SEARCH_PATHS = (
					"$(inherited)",
					"@executable_path/Frameworks",
				);
				MARKETING_VERSION = 1.0;
				PRODUCT_BUNDLE_IDENTIFIER = com.veedowd.medReminder;
				PRODUCT_NAME = "$(TARGET_NAME)";
				SWIFT_EMIT_LOC_STRINGS = YES;
				SWIFT_VERSION = 5.0;
				TARGETED_DEVICE_FAMILY = "1,2";
			};
			name = Release;
		};
/* End XCBuildConfiguration section */

/* Begin XCConfigurationList section */
		08A64B2A2A59574D0026621D /* Build configuration list for PBXProject "medReminder" */ = {
			isa = XCConfigurationList;
			buildConfigurations = (
				08A64B412A5957500026621D /* Debug */,
				08A64B422A5957500026621D /* Release */,
			);
			defaultConfigurationIsVisible = 0;
			defaultConfigurationName = Release;
		};
		08A64B432A5957500026621D /* Build configuration list for PBXNativeTarget "medReminder" */ = {
			isa = XCConfigurationList;
			buildConfigurations = (
				08A64B442A5957500026621D /* Debug */,
				08A64B452A5957500026621D /* Release */,
			);
			defaultConfigurationIsVisible = 0;
			defaultConfigurationName = Release;
		};
/* End XCConfigurationList section */

/* Begin XCRemoteSwiftPackageReference section */
		08EB0E3E2A5A87F900F0FCFA /* XCRemoteSwiftPackageReference "AlamofireImage" */ = {
			isa = XCRemoteSwiftPackageReference;
			repositoryURL = "https://github.com/Alamofire/AlamofireImage.git";
			requirement = {
				kind = upToNextMajorVersion;
				minimumVersion = 4.0.0;
			};
		};
/* End XCRemoteSwiftPackageReference section */

/* Begin XCSwiftPackageProductDependency section */
		08EB0E3F2A5A87F900F0FCFA /* AlamofireImage */ = {
			isa = XCSwiftPackageProductDependency;
			package = 08EB0E3E2A5A87F900F0FCFA /* XCRemoteSwiftPackageReference "AlamofireImage" */;
			productName = AlamofireImage;
		};
/* End XCSwiftPackageProductDependency section */
	};
	rootObject = 08A64B272A59574D0026621D /* Project object */;
}
